hash: 9ed0253f547883411119d16ba7d04488c4145f3edd41a4c6944cf425ab8f8322
updated: 2017-02-05T16:43:11.30437798+09:00
imports:
- name: github.com/andybalholm/cascadia
  version: 349dd0209470eabd9514242c688c403c0926d266
- name: github.com/braintree/manners
  version: 82a8879fc5fd0381fa8b2d8033b19bf255252088
- name: github.com/fukata/golang-stats-api-handler
  version: ab9f90f16caab828afda479fd34bfbbbba2efcee
- name: github.com/golang/mock
  version: bd3c8e81be01eef76d4b503f5e687d2d1354d2d9
  subpackages:
  - gomock
- name: github.com/golang/protobuf
  version: df1d3ca07d2d07bba352d5b73c4313b4e2a6203e
  subpackages:
  - proto
- name: github.com/kyokomi/go-docomo
  version: f7e2082d4cd56e188980a3c3bc83a42a1967ed79
  subpackages:
  - docomo
  - internal
- name: github.com/kyokomi/goroku
  version: 677aeb54612d88847d03709aa23c39be04392dd9
- name: github.com/kyokomi/slackbot
  version: 8b3663bbb462bf5c7a6d8c0403f72759129164fb
  subpackages:
  - plugins
  - plugins/akari
  - plugins/cron
  - plugins/cron/v2
  - plugins/docomo
  - plugins/googleimage
  - plugins/kohaimage
  - plugins/lgtm
  - plugins/naruhodo
  - plugins/router
  - plugins/suddendeath
  - plugins/sysstd
- name: github.com/labstack/echo
  version: e08070379af60f5b9c0fb5bb2d1527ba9624fe43
- name: github.com/nlopes/slack
  version: e595e9d8590a04ff76407e4e7d1791d25b095c66
- name: github.com/PuerkitoBio/goquery
  version: 152b1a2c8f5d0340f658bb656032a39b94e52958
- name: github.com/robfig/cron
  version: 9585fd555638e77bba25f25db5c44b41f264aeb7
- name: github.com/vmihailenco/bufio
  version: 24e7e48f60fc2d9e99e43c07485d9fff42051e66
- name: github.com/zenazn/goji
  version: 4d7077956293261309684d3cf1af673f773c6819
  subpackages:
  - bind
- name: golang.org/x/net
  version: 45e771701b814666a7eb299e6c7a57d0b1799e91
  subpackages:
  - context
  - html
  - html/atom
  - websocket
- name: google.golang.org/appengine
  version: 150dc57a1b433e64154302bdc40b6bb8aefa313a
  subpackages:
  - internal
  - internal/base
  - internal/datastore
  - internal/log
  - internal/remote_api
  - internal/urlfetch
  - urlfetch
- name: gopkg.in/bsm/ratelimit.v1
  version: db14e161995a5177acef654cb0dd785e8ee8bc22
- name: gopkg.in/redis.v3
  version: b5e368500d0a508ef8f16e9c2d4025a8a46bcc29
  subpackages:
  - internal
  - internal/consistenthash
  - internal/hashtag
  - internal/pool
- name: gopkg.in/vmihailenco/msgpack.v1
  version: 721f2af77065519b762a8d5fa2b441d29e96bbca
testImports: []
